
Microsoft Visual Studio Solution File, Format Version 12.00
# Visual Studio Version 17
VisualStudioVersion = 17.5.33414.496
MinimumVisualStudioVersion = 10.0.40219.1
Project("{9A19103F-16F7-4668-BE54-9A1E7A4F7556}") = "Monogame.Rpg.XnaPort", "Monogame.Rpg.XnaPort\Monogame.Rpg.XnaPort.csproj", "{E2186ABE-D6F4-4CDE-A2F1-A88506D6D48A}"
EndProject
Project("{9A19103F-16F7-4668-BE54-9A1E7A4F7556}") = "FuncWorks.Mono.XTiled", "..\FuncWorks.Mono.XTiled\FuncWorks.Mono.XTiled\FuncWorks.Mono.XTiled.csproj", "{E4FF3FBB-0787-4239-8BD7-D28D12600BEB}"
EndProject
Global
	GlobalSection(SolutionConfigurationPlatforms) = preSolution
		Debug|Any CPU = Debug|Any CPU
		Release|Any CPU = Release|Any CPU
	EndGlobalSection
	GlobalSection(ProjectConfigurationPlatforms) = postSolution
		{E2186ABE-D6F4-4CDE-A2F1-A88506D6D48A}.Debug|Any CPU.ActiveCfg = Debug|Any CPU
		{E2186ABE-D6F4-4CDE-A2F1-A88506D6D48A}.Debug|Any CPU.Build.0 = Debug|Any CPU
		{E2186ABE-D6F4-4CDE-A2F1-A88506D6D48A}.Release|Any CPU.ActiveCfg = Release|Any CPU
		{E2186ABE-D6F4-4CDE-A2F1-A88506D6D48A}.Release|Any CPU.Build.0 = Release|Any CPU
		{E4FF3FBB-0787-4239-8BD7-D28D12600BEB}.Debug|Any CPU.ActiveCfg = Debug|Any CPU
		{E4FF3FBB-0787-4239-8BD7-D28D12600BEB}.Debug|Any CPU.Build.0 = Debug|Any CPU
		{E4FF3FBB-0787-4239-8BD7-D28D12600BEB}.Release|Any CPU.ActiveCfg = Release|Any CPU
		{E4FF3FBB-0787-4239-8BD7-D28D12600BEB}.Release|Any CPU.Build.0 = Release|Any CPU
	EndGlobalSection
	GlobalSection(SolutionProperties) = preSolution
		HideSolutionNode = FALSE
	EndGlobalSection
	GlobalSection(ExtensibilityGlobals) = postSolution
		SolutionGuid = {3FD439CD-FFCC-4931-86CA-6B634780FEF2}
	EndGlobalSection
EndGlobal
